
Microsoft Visual Studio Solution File, Format Version 12.00
# Visual Studio Version 16
VisualStudioVersion = 16.0.30907.101
MinimumVisualStudioVersion = 10.0.40219.1
Project("{9A19103F-16F7-4668-BE54-9A1E7A4F7556}") = "WPFCommon", "WPFCommon\WPFCommon.csproj", "{AEA30860-D94D-4F54-9A0F-223B7E02F3B8}"
EndProject
Project("{9A19103F-16F7-4668-BE54-9A1E7A4F7556}") = "WpfApp1", "..\WpfApp1\WpfApp1\WpfApp1.csproj", "{AD5DF832-9579-4B1E-BA7B-7F25EF6E1661}"
EndProject
Global
	GlobalSection(SolutionConfigurationPlatforms) = preSolution
		Debug|Any CPU = Debug|Any CPU
		Release|Any CPU = Release|Any CPU
	EndGlobalSection
	GlobalSection(ProjectConfigurationPlatforms) = postSolution
		{AEA30860-D94D-4F54-9A0F-223B7E02F3B8}.Debug|Any CPU.ActiveCfg = Debug|Any CPU
		{AEA30860-D94D-4F54-9A0F-223B7E02F3B8}.Debug|Any CPU.Build.0 = Debug|Any CPU
		{AEA30860-D94D-4F54-9A0F-223B7E02F3B8}.Release|Any CPU.ActiveCfg = Release|Any CPU
		{AEA30860-D94D-4F54-9A0F-223B7E02F3B8}.Release|Any CPU.Build.0 = Release|Any CPU
		{AD5DF832-9579-4B1E-BA7B-7F25EF6E1661}.Debug|Any CPU.ActiveCfg = Debug|Any CPU
		{AD5DF832-9579-4B1E-BA7B-7F25EF6E1661}.Debug|Any CPU.Build.0 = Debug|Any CPU
		{AD5DF832-9579-4B1E-BA7B-7F25EF6E1661}.Release|Any CPU.ActiveCfg = Release|Any CPU
		{AD5DF832-9579-4B1E-BA7B-7F25EF6E1661}.Release|Any CPU.Build.0 = Release|Any CPU
	EndGlobalSection
	GlobalSection(SolutionProperties) = preSolution
		HideSolutionNode = FALSE
	EndGlobalSection
	GlobalSection(ExtensibilityGlobals) = postSolution
		SolutionGuid = {F4B44985-DE73-4695-A0F6-54B58EBD67F2}
	EndGlobalSection
EndGlobal
